
Microsoft Visual Studio Solution File, Format Version 12.00
# Visual Studio Version 17
VisualStudioVersion = 17.14.36414.22 d17.14
MinimumVisualStudioVersion = 10.0.40219.1
Project("{FAE04EC0-301F-11D3-BF4B-00C04F79EFBC}") = "ConsoleApp1", "ConsoleApp1\ConsoleApp1.csproj", "{A15EE96F-9210-4BD1-ACFB-881C490DAA99}"
EndProject
Global
	GlobalSection(SolutionConfigurationPlatforms) = preSolution
		Debug|Any CPU = Debug|Any CPU
		Release|Any CPU = Release|Any CPU
	EndGlobalSection
	GlobalSection(ProjectConfigurationPlatforms) = postSolution
		{A15EE96F-9210-4BD1-ACFB-881C490DAA99}.Debug|Any CPU.ActiveCfg = Debug|Any CPU
		{A15EE96F-9210-4BD1-ACFB-881C490DAA99}.Debug|Any CPU.Build.0 = Debug|Any CPU
		{A15EE96F-9210-4BD1-ACFB-881C490DAA99}.Release|Any CPU.ActiveCfg = Release|Any CPU
		{A15EE96F-9210-4BD1-ACFB-881C490DAA99}.Release|Any CPU.Build.0 = Release|Any CPU
	EndGlobalSection
	GlobalSection(SolutionProperties) = preSolution
		HideSolutionNode = FALSE
	EndGlobalSection
	GlobalSection(ExtensibilityGlobals) = postSolution
		SolutionGuid = {8000F162-3A69-4F65-BF19-971494AA31DB}
	EndGlobalSection
EndGlobal
